{
  "requires": true,
  "lockfileVersion": 1,
  "dependencies": {
    "countup.js": {
      "version": "2.0.7",
      "resolved": "https://registry.npmjs.org/countup.js/-/countup.js-2.0.7.tgz",
      "integrity": "sha512-FO0nQdvG1iQwHp28wdvkErxnNUSbdkzztqZ6YNHKLHydngD2tdiKEW8dFrqpahF3tj+Ma70h0vyYrCBzxlVWdg=="
    }
  }
}
